
Microsoft Visual Studio Solution File, Format Version 12.00
# Visual Studio 15
Project("{FAE04EC0-301F-11D3-BF4B-00C04F79EFBC}") = "PhotoLibrarizerCore", "PhotoLibrazierCore\PhotoLibrarizerCore.csproj", "{BFBCF5F6-1708-4916-8CA9-FC85C86B2556}"
EndProject
Project("{2150E333-8FDC-42A3-9474-1A3956D46DE8}") = "Solution Items", "Solution Items", "{D82E4775-398E-440D-898F-4EA28C6C141D}"
	ProjectSection(SolutionItems) = preProject
		README.md = README.md
		Changelog.md = Changelog.md
	EndProjectSection
EndProject
Project("{FAE04EC0-301F-11D3-BF4B-00C04F79EFBC}") = "PhotoLibrerizerData", "PhotoLibrerizerData\PhotoLibrerizerData.csproj", "{665C5284-8185-4224-A518-424B872880A2}"
EndProject
Project("{9344BDBB-3E7F-41FC-A0DD-8665D75EE146}") = "PhotoLibrarizerCli", "PhotoLibrarizerCli\PhotoLibrarizerCli.csproj", "{06F4513C-FE57-4B68-8214-6CAA5F6A9974}"
EndProject
Global
	GlobalSection(SolutionConfigurationPlatforms) = preSolution
		Debug|x86 = Debug|x86
		Release|x86 = Release|x86
	EndGlobalSection
	GlobalSection(ProjectConfigurationPlatforms) = postSolution
		{BFBCF5F6-1708-4916-8CA9-FC85C86B2556}.Debug|x86.ActiveCfg = Debug|Any CPU
		{BFBCF5F6-1708-4916-8CA9-FC85C86B2556}.Debug|x86.Build.0 = Debug|Any CPU
		{BFBCF5F6-1708-4916-8CA9-FC85C86B2556}.Release|x86.ActiveCfg = Release|Any CPU
		{BFBCF5F6-1708-4916-8CA9-FC85C86B2556}.Release|x86.Build.0 = Release|Any CPU
		{665C5284-8185-4224-A518-424B872880A2}.Debug|x86.ActiveCfg = Debug|Any CPU
		{665C5284-8185-4224-A518-424B872880A2}.Debug|x86.Build.0 = Debug|Any CPU
		{665C5284-8185-4224-A518-424B872880A2}.Release|x86.ActiveCfg = Release|Any CPU
		{665C5284-8185-4224-A518-424B872880A2}.Release|x86.Build.0 = Release|Any CPU
		{06F4513C-FE57-4B68-8214-6CAA5F6A9974}.Debug|x86.ActiveCfg = Debug|x86
		{06F4513C-FE57-4B68-8214-6CAA5F6A9974}.Debug|x86.Build.0 = Debug|x86
		{06F4513C-FE57-4B68-8214-6CAA5F6A9974}.Release|x86.ActiveCfg = Release|x86
		{06F4513C-FE57-4B68-8214-6CAA5F6A9974}.Release|x86.Build.0 = Release|x86
	EndGlobalSection
EndGlobal
