
Microsoft Visual Studio Solution File, Format Version 12.00
# Visual Studio 15
Project("{2150E333-8FDC-42A3-9474-1A3956D46DE8}") = "Solution Items", "Solution Items", "{D82E4775-398E-440D-898F-4EA28C6C141D}"
	ProjectSection(SolutionItems) = preProject
		README.md = README.md
		Changelog.md = Changelog.md
	EndProjectSection
EndProject
Project("{2150E333-8FDC-42A3-9474-1A3956D46DE8}") = "PhotoLibrarizerCore", "PhotoLibrarizerCore", "{FC8390BB-2766-4B80-AF10-360D39C45DE6}"
EndProject
Project("{FAE04EC0-301F-11D3-BF4B-00C04F79EFBC}") = "PhotoLibrarizerCore.Tests", "PhotoLibrarizerCore.Tests\PhotoLibrarizerCore.Tests.csproj", "{0E0C2A4A-41F3-4180-BED8-BE577EB209D9}"
EndProject
Project("{FAE04EC0-301F-11D3-BF4B-00C04F79EFBC}") = "PhotoLibrarizerCore", "PhotoLibrarizerCore\PhotoLibrarizerCore.csproj", "{11E9E2B2-0C67-4190-AF81-9BF03703C7C8}"
EndProject
Project("{2150E333-8FDC-42A3-9474-1A3956D46DE8}") = "DotnetCore", "DotnetCore", "{0084CD06-6D92-4D63-8EAC-EA11AD8C7FAF}"
EndProject
Project("{FAE04EC0-301F-11D3-BF4B-00C04F79EFBC}") = "PhotoLibrarizerCliDotnet", "PhotoLibrarizerCliDotnet\PhotoLibrarizerCliDotnet.csproj", "{79130E17-BCBB-41F3-857E-ABDB36485738}"
EndProject
Project("{FAE04EC0-301F-11D3-BF4B-00C04F79EFBC}") = "PhotoLibrarizer.Engines", "PhotoLibrarizer.Engines\PhotoLibrarizer.Engines.csproj", "{AA59FCC8-70FE-4E79-823E-7BBE79ABA63A}"
EndProject
Project("{FAE04EC0-301F-11D3-BF4B-00C04F79EFBC}") = "PhotoLibrarizer.Engines.Tests", "PhotoLibrarizer.Engines.Tests\PhotoLibrarizer.Engines.Tests.csproj", "{E7FE27F1-3CCB-4FEB-8B67-7251B0AE005B}"
EndProject
Project("{2150E333-8FDC-42A3-9474-1A3956D46DE8}") = "Engines", "Engines", "{BAA93C8D-DD32-467B-A1A6-3514C704AD91}"
EndProject
Project("{FAE04EC0-301F-11D3-BF4B-00C04F79EFBC}") = "PhotoLibrarizer.Routines", "PhotoLibrarizer.Routines\PhotoLibrarizer.Routines.csproj", "{D317F79F-BA5E-459D-992E-5DFB45DF9084}"
EndProject
Project("{2150E333-8FDC-42A3-9474-1A3956D46DE8}") = "Routines", "Routines", "{0ED05911-E999-4F29-A76F-D13664153475}"
EndProject
Project("{2150E333-8FDC-42A3-9474-1A3956D46DE8}") = "IDE", "IDE", "{30D7A1EA-3452-4F6C-90F0-430F00932FA2}"
EndProject
Project("{2150E333-8FDC-42A3-9474-1A3956D46DE8}") = "Cli", "Cli", "{54C29983-6810-4653-BC68-B5D35E3D0864}"
EndProject
Project("{2150E333-8FDC-42A3-9474-1A3956D46DE8}") = "UI", "UI", "{B348B286-2543-4D92-8224-9D80ADA9CD0D}"
EndProject
Project("{FAE04EC0-301F-11D3-BF4B-00C04F79EFBC}") = "PhotoLibrarizer.Routines.Tests", "PhotoLibrarizer.Routines.Tests\PhotoLibrarizer.Routines.Tests.csproj", "{6F8330E0-ABE1-4BD9-ABD0-A21ADB65D5DC}"
EndProject
Project("{2150E333-8FDC-42A3-9474-1A3956D46DE8}") = "Presentation", "Presentation", "{60B4D62D-4561-46B5-90F3-14880020FC07}"
EndProject
Project("{2150E333-8FDC-42A3-9474-1A3956D46DE8}") = "Rest", "Rest", "{22C16FCF-AAE2-433F-B8F2-CD6174722415}"
EndProject
Project("{2150E333-8FDC-42A3-9474-1A3956D46DE8}") = "Web", "Web", "{DEA0FDD0-0DDA-4DF7-A1D4-7C5AFFD32668}"
EndProject
Project("{2150E333-8FDC-42A3-9474-1A3956D46DE8}") = "CrossPlat", "CrossPlat", "{F1D5912F-6ED6-4745-AF3D-689A24EDE1C7}"
EndProject
Project("{FAE04EC0-301F-11D3-BF4B-00C04F79EFBC}") = "PhotoLibrarizerCrossPlat.Client", "PhotoLibrarizerCrossPlat.Client\PhotoLibrarizerCrossPlat.Client\PhotoLibrarizerCrossPlat.Client.csproj", "{16898058-B45C-4989-A5D1-BA6448F89C54}"
EndProject
Project("{FAE04EC0-301F-11D3-BF4B-00C04F79EFBC}") = "PhotoLibrarizerCrossPlat.Client.Android", "PhotoLibrarizerCrossPlat.Client\PhotoLibrarizerCrossPlat.Client.Android\PhotoLibrarizerCrossPlat.Client.Android.csproj", "{12354E80-4C23-4CCE-9E43-170147EB7D6C}"
EndProject
Project("{FAE04EC0-301F-11D3-BF4B-00C04F79EFBC}") = "PhotoLibrarizerCrossPlat.Client.Desktop", "PhotoLibrarizerCrossPlat.Client\PhotoLibrarizerCrossPlat.Client.Desktop\PhotoLibrarizerCrossPlat.Client.Desktop.csproj", "{9BBD1719-9FF3-4143-A616-7FF5C7F02F10}"
EndProject
Project("{FAE04EC0-301F-11D3-BF4B-00C04F79EFBC}") = "PhotoLibrarizerCrossPlat.Client.iOS", "PhotoLibrarizerCrossPlat.Client\PhotoLibrarizerCrossPlat.Client.iOS\PhotoLibrarizerCrossPlat.Client.iOS.csproj", "{EAFEDFBE-92C4-402C-9808-80731F86DBC2}"
EndProject
Project("{FAE04EC0-301F-11D3-BF4B-00C04F79EFBC}") = "PhotoLibrarizerCrossPlat.Client.Browser", "PhotoLibrarizerCrossPlat.Client\PhotoLibrarizerCrossPlat.Client.Browser\PhotoLibrarizerCrossPlat.Client.Browser.csproj", "{B660343F-7A03-4F6B-BC80-D137C5362593}"
EndProject
Project("{FAE04EC0-301F-11D3-BF4B-00C04F79EFBC}") = "PHotoLibrarizer.Web.Razor", "PHotoLibrarizer.Web.Razor\PHotoLibrarizer.Web.Razor.csproj", "{185FACE2-DBAF-422C-A92C-E77F78A3185F}"
EndProject
Project("{FAE04EC0-301F-11D3-BF4B-00C04F79EFBC}") = "RazorClassLibrary1", "RazorClassLibrary1\RazorClassLibrary1.csproj", "{C964CAB1-BBFF-45EF-B698-96C519901928}"
EndProject
Project("{FAE04EC0-301F-11D3-BF4B-00C04F79EFBC}") = "PhotoLibrarizer.Web.Blazor", "PhotoLibrarizer.Web.Blazor\PhotoLibrarizer.Web.Blazor.csproj", "{72FA3BFC-1008-4303-9C58-B410A9601DE9}"
EndProject
Project("{2150E333-8FDC-42A3-9474-1A3956D46DE8}") = "BusinessLogic", "BusinessLogic", "{4AA4AB2A-4014-42A2-AA10-99CC8A17058E}"
EndProject
Project("{FAE04EC0-301F-11D3-BF4B-00C04F79EFBC}") = "PhotoLibrarizer.BusinessLogic", "PhotoLibrarizer.BusinessLogic\PhotoLibrarizer.BusinessLogic.csproj", "{91880225-A465-4E29-9B9E-B62149FDEEA7}"
EndProject
Project("{2150E333-8FDC-42A3-9474-1A3956D46DE8}") = "Programm", "Programm", "{433EFEC7-9667-4033-977F-602A809010FB}"
EndProject
Project("{FAE04EC0-301F-11D3-BF4B-00C04F79EFBC}") = "PhotoLibrarizer.BusinessLogic.Test", "PhotoLibrarizer.BusinessLogic.Test\PhotoLibrarizer.BusinessLogic.Test.csproj", "{F14FF248-FD0F-41A6-86C1-DC9626325753}"
EndProject
Project("{2150E333-8FDC-42A3-9474-1A3956D46DE8}") = "DataAccess", "DataAccess", "{78B35E59-84A6-4EED-9CDD-406BAC684732}"
EndProject
Project("{2150E333-8FDC-42A3-9474-1A3956D46DE8}") = "DataAccess.IO", "DataAccess.IO", "{E277B530-9C35-4B24-808A-DC7ADE2F26F2}"
EndProject
Project("{FAE04EC0-301F-11D3-BF4B-00C04F79EFBC}") = "PhotoLibrarizer.DataAccess", "PhotoLibrarizer.DataAccess\PhotoLibrarizer.DataAccess.csproj", "{D9644BE8-FC4C-4E64-871E-9EA22157AAB6}"
EndProject
Global
	GlobalSection(SolutionConfigurationPlatforms) = preSolution
		Debug|x86 = Debug|x86
		Release|x86 = Release|x86
	EndGlobalSection
	GlobalSection(ProjectConfigurationPlatforms) = postSolution
		{0E0C2A4A-41F3-4180-BED8-BE577EB209D9}.Debug|x86.ActiveCfg = Debug|Any CPU
		{0E0C2A4A-41F3-4180-BED8-BE577EB209D9}.Debug|x86.Build.0 = Debug|Any CPU
		{0E0C2A4A-41F3-4180-BED8-BE577EB209D9}.Release|x86.ActiveCfg = Release|Any CPU
		{0E0C2A4A-41F3-4180-BED8-BE577EB209D9}.Release|x86.Build.0 = Release|Any CPU
		{11E9E2B2-0C67-4190-AF81-9BF03703C7C8}.Debug|x86.ActiveCfg = Debug|Any CPU
		{11E9E2B2-0C67-4190-AF81-9BF03703C7C8}.Debug|x86.Build.0 = Debug|Any CPU
		{11E9E2B2-0C67-4190-AF81-9BF03703C7C8}.Release|x86.ActiveCfg = Release|Any CPU
		{11E9E2B2-0C67-4190-AF81-9BF03703C7C8}.Release|x86.Build.0 = Release|Any CPU
		{79130E17-BCBB-41F3-857E-ABDB36485738}.Debug|x86.ActiveCfg = Debug|Any CPU
		{79130E17-BCBB-41F3-857E-ABDB36485738}.Debug|x86.Build.0 = Debug|Any CPU
		{79130E17-BCBB-41F3-857E-ABDB36485738}.Release|x86.ActiveCfg = Release|Any CPU
		{79130E17-BCBB-41F3-857E-ABDB36485738}.Release|x86.Build.0 = Release|Any CPU
		{AA59FCC8-70FE-4E79-823E-7BBE79ABA63A}.Debug|x86.ActiveCfg = Debug|Any CPU
		{AA59FCC8-70FE-4E79-823E-7BBE79ABA63A}.Debug|x86.Build.0 = Debug|Any CPU
		{AA59FCC8-70FE-4E79-823E-7BBE79ABA63A}.Release|x86.ActiveCfg = Release|Any CPU
		{AA59FCC8-70FE-4E79-823E-7BBE79ABA63A}.Release|x86.Build.0 = Release|Any CPU
		{E7FE27F1-3CCB-4FEB-8B67-7251B0AE005B}.Debug|x86.ActiveCfg = Debug|Any CPU
		{E7FE27F1-3CCB-4FEB-8B67-7251B0AE005B}.Debug|x86.Build.0 = Debug|Any CPU
		{E7FE27F1-3CCB-4FEB-8B67-7251B0AE005B}.Release|x86.ActiveCfg = Release|Any CPU
		{E7FE27F1-3CCB-4FEB-8B67-7251B0AE005B}.Release|x86.Build.0 = Release|Any CPU
		{D317F79F-BA5E-459D-992E-5DFB45DF9084}.Debug|x86.ActiveCfg = Debug|Any CPU
		{D317F79F-BA5E-459D-992E-5DFB45DF9084}.Debug|x86.Build.0 = Debug|Any CPU
		{D317F79F-BA5E-459D-992E-5DFB45DF9084}.Release|x86.ActiveCfg = Release|Any CPU
		{D317F79F-BA5E-459D-992E-5DFB45DF9084}.Release|x86.Build.0 = Release|Any CPU
		{6F8330E0-ABE1-4BD9-ABD0-A21ADB65D5DC}.Debug|x86.ActiveCfg = Debug|Any CPU
		{6F8330E0-ABE1-4BD9-ABD0-A21ADB65D5DC}.Debug|x86.Build.0 = Debug|Any CPU
		{6F8330E0-ABE1-4BD9-ABD0-A21ADB65D5DC}.Release|x86.ActiveCfg = Release|Any CPU
		{6F8330E0-ABE1-4BD9-ABD0-A21ADB65D5DC}.Release|x86.Build.0 = Release|Any CPU
		{16898058-B45C-4989-A5D1-BA6448F89C54}.Debug|x86.ActiveCfg = Debug|Any CPU
		{16898058-B45C-4989-A5D1-BA6448F89C54}.Debug|x86.Build.0 = Debug|Any CPU
		{16898058-B45C-4989-A5D1-BA6448F89C54}.Release|x86.ActiveCfg = Release|Any CPU
		{16898058-B45C-4989-A5D1-BA6448F89C54}.Release|x86.Build.0 = Release|Any CPU
		{12354E80-4C23-4CCE-9E43-170147EB7D6C}.Debug|x86.ActiveCfg = Debug|Any CPU
		{12354E80-4C23-4CCE-9E43-170147EB7D6C}.Debug|x86.Build.0 = Debug|Any CPU
		{12354E80-4C23-4CCE-9E43-170147EB7D6C}.Release|x86.ActiveCfg = Release|Any CPU
		{12354E80-4C23-4CCE-9E43-170147EB7D6C}.Release|x86.Build.0 = Release|Any CPU
		{9BBD1719-9FF3-4143-A616-7FF5C7F02F10}.Debug|x86.ActiveCfg = Debug|Any CPU
		{9BBD1719-9FF3-4143-A616-7FF5C7F02F10}.Debug|x86.Build.0 = Debug|Any CPU
		{9BBD1719-9FF3-4143-A616-7FF5C7F02F10}.Release|x86.ActiveCfg = Release|Any CPU
		{9BBD1719-9FF3-4143-A616-7FF5C7F02F10}.Release|x86.Build.0 = Release|Any CPU
		{EAFEDFBE-92C4-402C-9808-80731F86DBC2}.Debug|x86.ActiveCfg = Debug|Any CPU
		{EAFEDFBE-92C4-402C-9808-80731F86DBC2}.Debug|x86.Build.0 = Debug|Any CPU
		{EAFEDFBE-92C4-402C-9808-80731F86DBC2}.Release|x86.ActiveCfg = Release|Any CPU
		{EAFEDFBE-92C4-402C-9808-80731F86DBC2}.Release|x86.Build.0 = Release|Any CPU
		{B660343F-7A03-4F6B-BC80-D137C5362593}.Debug|x86.ActiveCfg = Debug|Any CPU
		{B660343F-7A03-4F6B-BC80-D137C5362593}.Debug|x86.Build.0 = Debug|Any CPU
		{B660343F-7A03-4F6B-BC80-D137C5362593}.Release|x86.ActiveCfg = Release|Any CPU
		{B660343F-7A03-4F6B-BC80-D137C5362593}.Release|x86.Build.0 = Release|Any CPU
		{185FACE2-DBAF-422C-A92C-E77F78A3185F}.Debug|x86.ActiveCfg = Debug|Any CPU
		{185FACE2-DBAF-422C-A92C-E77F78A3185F}.Debug|x86.Build.0 = Debug|Any CPU
		{185FACE2-DBAF-422C-A92C-E77F78A3185F}.Release|x86.ActiveCfg = Release|Any CPU
		{185FACE2-DBAF-422C-A92C-E77F78A3185F}.Release|x86.Build.0 = Release|Any CPU
		{C964CAB1-BBFF-45EF-B698-96C519901928}.Debug|x86.ActiveCfg = Debug|Any CPU
		{C964CAB1-BBFF-45EF-B698-96C519901928}.Debug|x86.Build.0 = Debug|Any CPU
		{C964CAB1-BBFF-45EF-B698-96C519901928}.Release|x86.ActiveCfg = Release|Any CPU
		{C964CAB1-BBFF-45EF-B698-96C519901928}.Release|x86.Build.0 = Release|Any CPU
		{72FA3BFC-1008-4303-9C58-B410A9601DE9}.Debug|x86.ActiveCfg = Debug|Any CPU
		{72FA3BFC-1008-4303-9C58-B410A9601DE9}.Debug|x86.Build.0 = Debug|Any CPU
		{72FA3BFC-1008-4303-9C58-B410A9601DE9}.Release|x86.ActiveCfg = Release|Any CPU
		{72FA3BFC-1008-4303-9C58-B410A9601DE9}.Release|x86.Build.0 = Release|Any CPU
		{91880225-A465-4E29-9B9E-B62149FDEEA7}.Debug|x86.ActiveCfg = Debug|Any CPU
		{91880225-A465-4E29-9B9E-B62149FDEEA7}.Debug|x86.Build.0 = Debug|Any CPU
		{91880225-A465-4E29-9B9E-B62149FDEEA7}.Release|x86.ActiveCfg = Release|Any CPU
		{91880225-A465-4E29-9B9E-B62149FDEEA7}.Release|x86.Build.0 = Release|Any CPU
		{F14FF248-FD0F-41A6-86C1-DC9626325753}.Debug|x86.ActiveCfg = Debug|Any CPU
		{F14FF248-FD0F-41A6-86C1-DC9626325753}.Debug|x86.Build.0 = Debug|Any CPU
		{F14FF248-FD0F-41A6-86C1-DC9626325753}.Release|x86.ActiveCfg = Release|Any CPU
		{F14FF248-FD0F-41A6-86C1-DC9626325753}.Release|x86.Build.0 = Release|Any CPU
		{D9644BE8-FC4C-4E64-871E-9EA22157AAB6}.Debug|x86.ActiveCfg = Debug|Any CPU
		{D9644BE8-FC4C-4E64-871E-9EA22157AAB6}.Debug|x86.Build.0 = Debug|Any CPU
		{D9644BE8-FC4C-4E64-871E-9EA22157AAB6}.Release|x86.ActiveCfg = Release|Any CPU
		{D9644BE8-FC4C-4E64-871E-9EA22157AAB6}.Release|x86.Build.0 = Release|Any CPU
	EndGlobalSection
	GlobalSection(NestedProjects) = preSolution
		{FC8390BB-2766-4B80-AF10-360D39C45DE6} = {D82E4775-398E-440D-898F-4EA28C6C141D}
		{0E0C2A4A-41F3-4180-BED8-BE577EB209D9} = {FC8390BB-2766-4B80-AF10-360D39C45DE6}
		{11E9E2B2-0C67-4190-AF81-9BF03703C7C8} = {FC8390BB-2766-4B80-AF10-360D39C45DE6}
		{BAA93C8D-DD32-467B-A1A6-3514C704AD91} = {0084CD06-6D92-4D63-8EAC-EA11AD8C7FAF}
		{AA59FCC8-70FE-4E79-823E-7BBE79ABA63A} = {BAA93C8D-DD32-467B-A1A6-3514C704AD91}
		{E7FE27F1-3CCB-4FEB-8B67-7251B0AE005B} = {BAA93C8D-DD32-467B-A1A6-3514C704AD91}
		{0ED05911-E999-4F29-A76F-D13664153475} = {0084CD06-6D92-4D63-8EAC-EA11AD8C7FAF}
		{D317F79F-BA5E-459D-992E-5DFB45DF9084} = {0ED05911-E999-4F29-A76F-D13664153475}
		{54C29983-6810-4653-BC68-B5D35E3D0864} = {0084CD06-6D92-4D63-8EAC-EA11AD8C7FAF}
		{79130E17-BCBB-41F3-857E-ABDB36485738} = {54C29983-6810-4653-BC68-B5D35E3D0864}
		{B348B286-2543-4D92-8224-9D80ADA9CD0D} = {0084CD06-6D92-4D63-8EAC-EA11AD8C7FAF}
		{6F8330E0-ABE1-4BD9-ABD0-A21ADB65D5DC} = {0ED05911-E999-4F29-A76F-D13664153475}
		{60B4D62D-4561-46B5-90F3-14880020FC07} = {0084CD06-6D92-4D63-8EAC-EA11AD8C7FAF}
		{22C16FCF-AAE2-433F-B8F2-CD6174722415} = {60B4D62D-4561-46B5-90F3-14880020FC07}
		{DEA0FDD0-0DDA-4DF7-A1D4-7C5AFFD32668} = {60B4D62D-4561-46B5-90F3-14880020FC07}
		{F1D5912F-6ED6-4745-AF3D-689A24EDE1C7} = {60B4D62D-4561-46B5-90F3-14880020FC07}
		{16898058-B45C-4989-A5D1-BA6448F89C54} = {F1D5912F-6ED6-4745-AF3D-689A24EDE1C7}
		{12354E80-4C23-4CCE-9E43-170147EB7D6C} = {F1D5912F-6ED6-4745-AF3D-689A24EDE1C7}
		{9BBD1719-9FF3-4143-A616-7FF5C7F02F10} = {F1D5912F-6ED6-4745-AF3D-689A24EDE1C7}
		{EAFEDFBE-92C4-402C-9808-80731F86DBC2} = {F1D5912F-6ED6-4745-AF3D-689A24EDE1C7}
		{B660343F-7A03-4F6B-BC80-D137C5362593} = {F1D5912F-6ED6-4745-AF3D-689A24EDE1C7}
		{185FACE2-DBAF-422C-A92C-E77F78A3185F} = {DEA0FDD0-0DDA-4DF7-A1D4-7C5AFFD32668}
		{C964CAB1-BBFF-45EF-B698-96C519901928} = {DEA0FDD0-0DDA-4DF7-A1D4-7C5AFFD32668}
		{72FA3BFC-1008-4303-9C58-B410A9601DE9} = {DEA0FDD0-0DDA-4DF7-A1D4-7C5AFFD32668}
		{91880225-A465-4E29-9B9E-B62149FDEEA7} = {4AA4AB2A-4014-42A2-AA10-99CC8A17058E}
		{433EFEC7-9667-4033-977F-602A809010FB} = {0084CD06-6D92-4D63-8EAC-EA11AD8C7FAF}
		{4AA4AB2A-4014-42A2-AA10-99CC8A17058E} = {433EFEC7-9667-4033-977F-602A809010FB}
		{F14FF248-FD0F-41A6-86C1-DC9626325753} = {4AA4AB2A-4014-42A2-AA10-99CC8A17058E}
		{78B35E59-84A6-4EED-9CDD-406BAC684732} = {433EFEC7-9667-4033-977F-602A809010FB}
		{E277B530-9C35-4B24-808A-DC7ADE2F26F2} = {433EFEC7-9667-4033-977F-602A809010FB}
		{D9644BE8-FC4C-4E64-871E-9EA22157AAB6} = {78B35E59-84A6-4EED-9CDD-406BAC684732}
	EndGlobalSection
EndGlobal
